Microsoft Visual Studio Solution File, Format Version 12.00
# Visual Studio Version 17
VisualStudioVersion = 17.5.2.0
MinimumVisualStudioVersion = 10.0.40219.1
Project("{FAE04EC0-301F-11D3-BF4B-00C04F79EFBC}") = "dsaProject", "dsaProject.csproj", "{916DB9D0-83F1-FE0D-7C8F-38A13DBD1FC4}"
EndProject
Global
	GlobalSection(SolutionConfigurationPlatforms) = preSolution
		Debug|Any CPU = Debug|Any CPU
		Release|Any CPU = Release|Any CPU
	EndGlobalSection
	GlobalSection(ProjectConfigurationPlatforms) = postSolution
		{916DB9D0-83F1-FE0D-7C8F-38A13DBD1FC4}.Debug|Any CPU.ActiveCfg = Debug|Any CPU
		{916DB9D0-83F1-FE0D-7C8F-38A13DBD1FC4}.Debug|Any CPU.Build.0 = Debug|Any CPU
		{916DB9D0-83F1-FE0D-7C8F-38A13DBD1FC4}.Release|Any CPU.ActiveCfg = Release|Any CPU
		{916DB9D0-83F1-FE0D-7C8F-38A13DBD1FC4}.Release|Any CPU.Build.0 = Release|Any CPU
	EndGlobalSection
	GlobalSection(SolutionProperties) = preSolution
		HideSolutionNode = FALSE
	EndGlobalSection
	GlobalSection(ExtensibilityGlobals) = postSolution
		SolutionGuid = {95209DD0-B946-4324-9E5E-FEF7B23A664C}
	EndGlobalSection
EndGlobal
